// !$*UTF8*$!
{
	archiveVersion = 1;
	classes = {
	};
	objectVersion = 46;
	objects = {

/* Begin PBXBuildFile section */
		66395C501A699E54005A479A /* AppDelegate.mm in Sources */ = {isa = PBXBuildFile; fileRef = 66395C4F1A699E54005A479A /* AppDelegate.mm */; };
		66395C521A699E54005A479A /* main.m in Sources */ = {isa = PBXBuildFile; fileRef = 66395C511A699E54005A479A /* main.m */; };
		66395C541A699E54005A479A /* Images.xcassets in Resources */ = {isa = PBXBuildFile; fileRef = 66395C531A699E54005A479A /* Images.xcassets */; };
		66395C571A699E54005A479A /* MainMenu.xib in Resources */ = {isa = PBXBuildFile; fileRef = 66395C551A699E54005A479A /* MainMenu.xib */; };
		66395C6F1A69A369005A479A /* AccessoryViewController.m in Sources */ = {isa = PBXBuildFile; fileRef = 66395C6D1A69A369005A479A /* AccessoryViewController.m */; };
		66395C701A69A369005A479A /* AccessoryViewController.xib in Resources */ = {isa = PBXBuildFile; fileRef = 66395C6E1A69A369005A479A /* AccessoryViewController.xib */; };
		66395C731A69A376005A479A /* SaveFromCFunction.mm in Sources */ = {isa = PBXBuildFile; fileRef = 66395C721A69A376005A479A /* SaveFromCFunction.mm */; };
/* End PBXBuildFile section */

/* Begin PBXFileReference section */
		66395C491A699E54005A479A /* SavePanelAccessoryView.app */ = {isa = PBXFileReference; explicitFileType = wrapper.application; includeInIndex = 0; path = SavePanelAccessoryView.app; sourceTree = BUILT_PRODUCTS_DIR; };
		66395C4D1A699E54005A479A /* Info.plist */ = {isa = PBXFileReference; lastKnownFileType = text.plist.xml; path = Info.plist; sourceTree = "<group>"; };
		66395C4E1A699E54005A479A /* AppDelegate.h */ = {isa = PBXFileReference; lastKnownFileType = sourcecode.c.h; path = AppDelegate.h; sourceTree = "<group>"; };
		66395C4F1A699E54005A479A /* AppDelegate.mm */ = {isa = PBXFileReference; lastKnownFileType = sourcecode.cpp.objcpp; path = AppDelegate.mm; sourceTree = "<group>"; };
		66395C511A699E54005A479A /* main.m */ = {isa = PBXFileReference; lastKnownFileType = sourcecode.c.objc; path = main.m; sourceTree = "<group>"; };
		66395C531A699E54005A479A /* Images.xcassets */ = {isa = PBXFileReference; lastKnownFileType = folder.assetcatalog; path = Images.xcassets; sourceTree = "<group>"; };
		66395C561A699E54005A479A /* Base */ = {isa = PBXFileReference; lastKnownFileType = file.xib; name = Base; path = Base.lproj/MainMenu.xib; sourceTree = "<group>"; };
		66395C6C1A69A369005A479A /* AccessoryViewController.h */ = {isa = PBXFileReference; fileEncoding = 4; lastKnownFileType = sourcecode.c.h; path = AccessoryViewController.h; sourceTree = "<group>"; };
		66395C6D1A69A369005A479A /* AccessoryViewController.m */ = {isa = PBXFileReference; fileEncoding = 4; lastKnownFileType = sourcecode.c.objc; path = AccessoryViewController.m; sourceTree = "<group>"; };
		66395C6E1A69A369005A479A /* AccessoryViewController.xib */ = {isa = PBXFileReference; fileEncoding = 4; lastKnownFileType = file.xib; path = AccessoryViewController.xib; sourceTree = "<group>"; };
		66395C711A69A376005A479A /* SaveFromCFunction.h */ = {isa = PBXFileReference; fileEncoding = 4; lastKnownFileType = sourcecode.c.h; path = SaveFromCFunction.h; sourceTree = "<group>"; };
		66395C721A69A376005A479A /* SaveFromCFunction.mm */ = {isa = PBXFileReference; fileEncoding = 4; lastKnownFileType = sourcecode.cpp.objcpp; path = SaveFromCFunction.mm; sourceTree = "<group>"; };
/* End PBXFileReference section */

/* Begin PBXFrameworksBuildPhase section */
		66395C461A699E54005A479A /* Frameworks */ = {
			isa = PBXFrameworksBuildPhase;
			buildActionMask = 2147483647;
			files = (
			);
			runOnlyForDeploymentPostprocessing = 0;
		};
/* End PBXFrameworksBuildPhase section */

/* Begin PBXGroup section */
		66395C401A699E53005A479A = {
			isa = PBXGroup;
			children = (
				66395C4B1A699E54005A479A /* SavePanelAccessoryView */,
				66395C4A1A699E54005A479A /* Products */,
			);
			sourceTree = "<group>";
		};
		66395C4A1A699E54005A479A /* Products */ = {
			isa = PBXGroup;
			children = (
				66395C491A699E54005A479A /* SavePanelAccessoryView.app */,
			);
			name = Products;
			sourceTree = "<group>";
		};
		66395C4B1A699E54005A479A /* SavePanelAccessoryView */ = {
			isa = PBXGroup;
			children = (
				66395C6C1A69A369005A479A /* AccessoryViewController.h */,
				66395C6D1A69A369005A479A /* AccessoryViewController.m */,
				66395C6E1A69A369005A479A /* AccessoryViewController.xib */,
				66395C4E1A699E54005A479A /* AppDelegate.h */,
				66395C4F1A699E54005A479A /* AppDelegate.mm */,
				66395C531A699E54005A479A /* Images.xcassets */,
				66395C551A699E54005A479A /* MainMenu.xib */,
				66395C711A69A376005A479A /* SaveFromCFunction.h */,
				66395C721A69A376005A479A /* SaveFromCFunction.mm */,
				66395C4C1A699E54005A479A /* Supporting Files */,
			);
			path = SavePanelAccessoryView;
			sourceTree = "<group>";
		};
		66395C4C1A699E54005A479A /* Supporting Files */ = {
			isa = PBXGroup;
			children = (
				66395C4D1A699E54005A479A /* Info.plist */,
				66395C511A699E54005A479A /* main.m */,
			);
			name = "Supporting Files";
			sourceTree = "<group>";
		};
/* End PBXGroup section */

/* Begin PBXNativeTarget section */
		66395C481A699E54005A479A /* SavePanelAccessoryView */ = {
			isa = PBXNativeTarget;
			buildConfigurationList = 66395C661A699E54005A479A /* Build configuration list for PBXNativeTarget "SavePanelAccessoryView" */;
			buildPhases = (
				66395C451A699E54005A479A /* Sources */,
				66395C461A699E54005A479A /* Frameworks */,
				66395C471A699E54005A479A /* Resources */,
			);
			buildRules = (
			);
			dependencies = (
			);
			name = SavePanelAccessoryView;
			productName = SavePanelAccessoryView;
			productReference = 66395C491A699E54005A479A /* SavePanelAccessoryView.app */;
			productType = "com.apple.product-type.application";
		};
/* End PBXNativeTarget section */

/* Begin PBXProject section */
		66395C411A699E53005A479A /* Project object */ = {
			isa = PBXProject;
			attributes = {
				LastUpgradeCheck = 0610;
				ORGANIZATIONNAME = "Pixologic, Inc.";
				TargetAttributes = {
					66395C481A699E54005A479A = {
						CreatedOnToolsVersion = 6.1.1;
					};
				};
			};
			buildConfigurationList = 66395C441A699E53005A479A /* Build configuration list for PBXProject "SavePanelAccessoryView" */;
			compatibilityVersion = "Xcode 3.2";
			developmentRegion = English;
			hasScannedForEncodings = 0;
			knownRegions = (
				en,
				Base,
			);
			mainGroup = 66395C401A699E53005A479A;
			productRefGroup = 66395C4A1A699E54005A479A /* Products */;
			projectDirPath = "";
			projectRoot = "";
			targets = (
				66395C481A699E54005A479A /* SavePanelAccessoryView */,
			);
		};
/* End PBXProject section */

/* Begin PBXResourcesBuildPhase section */
		66395C471A699E54005A479A /* Resources */ = {
			isa = PBXResourcesBuildPhase;
			buildActionMask = 2147483647;
			files = (
				66395C701A69A369005A479A /* AccessoryViewController.xib in Resources */,
				66395C541A699E54005A479A /* Images.xcassets in Resources */,
				66395C571A699E54005A479A /* MainMenu.xib in Resources */,
			);
			runOnlyForDeploymentPostprocessing = 0;
		};
/* End PBXResourcesBuildPhase section */

/* Begin PBXSourcesBuildPhase section */
		66395C451A699E54005A479A /* Sources */ = {
			isa = PBXSourcesBuildPhase;
			buildActionMask = 2147483647;
			files = (
				66395C731A69A376005A479A /* SaveFromCFunction.mm in Sources */,
				66395C6F1A69A369005A479A /* AccessoryViewController.m in Sources */,
				66395C521A699E54005A479A /* main.m in Sources */,
				66395C501A699E54005A479A /* AppDelegate.mm in Sources */,
			);
			runOnlyForDeploymentPostprocessing = 0;
		};
/* End PBXSourcesBuildPhase section */

/* Begin PBXVariantGroup section */
		66395C551A699E54005A479A /* MainMenu.xib */ = {
			isa = PBXVariantGroup;
			children = (
				66395C561A699E54005A479A /* Base */,
			);
			name = MainMenu.xib;
			sourceTree = "<group>";
		};
/* End PBXVariantGroup section */

/* Begin XCBuildConfiguration section */
		66395C641A699E54005A479A /* Debug */ = {
			isa = XCBuildConfiguration;
			buildSettings = {
				ALWAYS_SEARCH_USER_PATHS = NO;
				CLANG_CXX_LANGUAGE_STANDARD = "gnu++0x";
				CLANG_CXX_LIBRARY = "libc++";
				CLANG_ENABLE_MODULES = YES;
				CLANG_ENABLE_OBJC_ARC = YES;
				CLANG_WARN_BOOL_CONVERSION = YES;
				CLANG_WARN_CONSTANT_CONVERSION = YES;
				CLANG_WARN_DIRECT_OBJC_ISA_USAGE = YES_ERROR;
				CLANG_WARN_EMPTY_BODY = YES;
				CLANG_WARN_ENUM_CONVERSION = YES;
				CLANG_WARN_INT_CONVERSION = YES;
				CLANG_WARN_OBJC_ROOT_CLASS = YES_ERROR;
				CLANG_WARN_UNREACHABLE_CODE = YES;
				CLANG_WARN__DUPLICATE_METHOD_MATCH = YES;
				CODE_SIGN_IDENTITY = "-";
				COPY_PHASE_STRIP = NO;
				ENABLE_STRICT_OBJC_MSGSEND = YES;
				GCC_C_LANGUAGE_STANDARD = gnu99;
				GCC_DYNAMIC_NO_PIC = NO;
				GCC_OPTIMIZATION_LEVEL = 0;
				GCC_PREPROCESSOR_DEFINITIONS = (
					"DEBUG=1",
					"$(inherited)",
				);
				GCC_SYMBOLS_PRIVATE_EXTERN = NO;
				GCC_WARN_64_TO_32_BIT_CONVERSION = YES;
				GCC_WARN_ABOUT_RETURN_TYPE = YES_ERROR;
				GCC_WARN_UNDECLARED_SELECTOR = YES;
				GCC_WARN_UNINITIALIZED_AUTOS = YES_AGGRESSIVE;
				GCC_WARN_UNUSED_FUNCTION = YES;
				GCC_WARN_UNUSED_VARIABLE = YES;
				MACOSX_DEPLOYMENT_TARGET = 10.10;
				MTL_ENABLE_DEBUG_INFO = YES;
				ONLY_ACTIVE_ARCH = YES;
				SDKROOT = macosx;
			};
			name = Debug;
		};
		66395C651A699E54005A479A /* Release */ = {
			isa = XCBuildConfiguration;
			buildSettings = {
				ALWAYS_SEARCH_USER_PATHS = NO;
				CLANG_CXX_LANGUAGE_STANDARD = "gnu++0x";
				CLANG_CXX_LIBRARY = "libc++";
				CLANG_ENABLE_MODULES = YES;
				CLANG_ENABLE_OBJC_ARC = YES;
				CLANG_WARN_BOOL_CONVERSION = YES;
				CLANG_WARN_CONSTANT_CONVERSION = YES;
				CLANG_WARN_DIRECT_OBJC_ISA_USAGE = YES_ERROR;
				CLANG_WARN_EMPTY_BODY = YES;
				CLANG_WARN_ENUM_CONVERSION = YES;
				CLANG_WARN_INT_CONVERSION = YES;
				CLANG_WARN_OBJC_ROOT_CLASS = YES_ERROR;
				CLANG_WARN_UNREACHABLE_CODE = YES;
				CLANG_WARN__DUPLICATE_METHOD_MATCH = YES;
				CODE_SIGN_IDENTITY = "-";
				COPY_PHASE_STRIP = YES;
				DEBUG_INFORMATION_FORMAT = "dwarf-with-dsym";
				ENABLE_NS_ASSERTIONS = NO;
				ENABLE_STRICT_OBJC_MSGSEND = YES;
				GCC_C_LANGUAGE_STANDARD = gnu99;
				GCC_WARN_64_TO_32_BIT_CONVERSION = YES;
				GCC_WARN_ABOUT_RETURN_TYPE = YES_ERROR;
				GCC_WARN_UNDECLARED_SELECTOR = YES;
				GCC_WARN_UNINITIALIZED_AUTOS = YES_AGGRESSIVE;
				GCC_WARN_UNUSED_FUNCTION = YES;
				GCC_WARN_UNUSED_VARIABLE = YES;
				MACOSX_DEPLOYMENT_TARGET = 10.10;
				MTL_ENABLE_DEBUG_INFO = NO;
				SDKROOT = macosx;
			};
			name = Release;
		};
		66395C671A699E54005A479A /* Debug */ = {
			isa = XCBuildConfiguration;
			buildSettings = {
				ASSETCATALOG_COMPILER_APPICON_NAME = AppIcon;
				COMBINE_HIDPI_IMAGES = YES;
				INFOPLIST_FILE = SavePanelAccessoryView/Info.plist;
				LD_RUNPATH_SEARCH_PATHS = "$(inherited) @executable_path/../Frameworks";
				PRODUCT_NAME = "$(TARGET_NAME)";
			};
			name = Debug;
		};
		66395C681A699E54005A479A /* Release */ = {
			isa = XCBuildConfiguration;
			buildSettings = {
				ASSETCATALOG_COMPILER_APPICON_NAME = AppIcon;
				COMBINE_HIDPI_IMAGES = YES;
				INFOPLIST_FILE = SavePanelAccessoryView/Info.plist;
				LD_RUNPATH_SEARCH_PATHS = "$(inherited) @executable_path/../Frameworks";
				PRODUCT_NAME = "$(TARGET_NAME)";
			};
			name = Release;
		};
/* End XCBuildConfiguration section */

/* Begin XCConfigurationList section */
		66395C441A699E53005A479A /* Build configuration list for PBXProject "SavePanelAccessoryView" */ = {
			isa = XCConfigurationList;
			buildConfigurations = (
				66395C641A699E54005A479A /* Debug */,
				66395C651A699E54005A479A /* Release */,
			);
			defaultConfigurationIsVisible = 0;
			defaultConfigurationName = Release;
		};
		66395C661A699E54005A479A /* Build configuration list for PBXNativeTarget "SavePanelAccessoryView" */ = {
			isa = XCConfigurationList;
			buildConfigurations = (
				66395C671A699E54005A479A /* Debug */,
				66395C681A699E54005A479A /* Release */,
			);
			defaultConfigurationIsVisible = 0;
			defaultConfigurationName = Release;
		};
/* End XCConfigurationList section */
	};
	rootObject = 66395C411A699E53005A479A /* Project object */;
}
